
Microsoft Visual Studio Solution File, Format Version 12.00
# Visual Studio Version 17
VisualStudioVersion = 17.7.34031.279
MinimumVisualStudioVersion = 10.0.40219.1
Project("{FAE04EC0-301F-11D3-BF4B-00C04F79EFBC}") = "DictionaryHomeWork", "DictionaryHomeWork.csproj", "{79DFE7A3-7431-4DB6-91F4-01243CF3BA63}"
EndProject
Global
	GlobalSection(SolutionConfigurationPlatforms) = preSolution
		Debug|Any CPU = Debug|Any CPU
		Release|Any CPU = Release|Any CPU
	EndGlobalSection
	GlobalSection(ProjectConfigurationPlatforms) = postSolution
		{79DFE7A3-7431-4DB6-91F4-01243CF3BA63}.Debug|Any CPU.ActiveCfg = Debug|Any CPU
		{79DFE7A3-7431-4DB6-91F4-01243CF3BA63}.Debug|Any CPU.Build.0 = Debug|Any CPU
		{79DFE7A3-7431-4DB6-91F4-01243CF3BA63}.Release|Any CPU.ActiveCfg = Release|Any CPU
		{79DFE7A3-7431-4DB6-91F4-01243CF3BA63}.Release|Any CPU.Build.0 = Release|Any CPU
	EndGlobalSection
	GlobalSection(SolutionProperties) = preSolution
		HideSolutionNode = FALSE
	EndGlobalSection
	GlobalSection(ExtensibilityGlobals) = postSolution
		SolutionGuid = {5444EA73-D5B1-4BD1-832B-2DB7004AE7B1}
	EndGlobalSection
EndGlobal
