
Microsoft Visual Studio Solution File, Format Version 12.00
# Visual Studio Version 17
VisualStudioVersion = 17.7.34031.279
MinimumVisualStudioVersion = 10.0.40219.1
Project("{FAE04EC0-301F-11D3-BF4B-00C04F79EFBC}") = "ControlWork1", "ControlWork1.csproj", "{B575653A-5036-495E-896A-CBDB687441EB}"
EndProject
Global
	GlobalSection(SolutionConfigurationPlatforms) = preSolution
		Debug|Any CPU = Debug|Any CPU
		Release|Any CPU = Release|Any CPU
	EndGlobalSection
	GlobalSection(ProjectConfigurationPlatforms) = postSolution
		{B575653A-5036-495E-896A-CBDB687441EB}.Debug|Any CPU.ActiveCfg = Debug|Any CPU
		{B575653A-5036-495E-896A-CBDB687441EB}.Debug|Any CPU.Build.0 = Debug|Any CPU
		{B575653A-5036-495E-896A-CBDB687441EB}.Release|Any CPU.ActiveCfg = Release|Any CPU
		{B575653A-5036-495E-896A-CBDB687441EB}.Release|Any CPU.Build.0 = Release|Any CPU
	EndGlobalSection
	GlobalSection(SolutionProperties) = preSolution
		HideSolutionNode = FALSE
	EndGlobalSection
	GlobalSection(ExtensibilityGlobals) = postSolution
		SolutionGuid = {02EEBB0A-9717-4B15-98B2-A1F23088F439}
	EndGlobalSection
EndGlobal
