
Microsoft Visual Studio Solution File, Format Version 12.00
# Visual Studio Version 17
VisualStudioVersion = 17.7.34031.279
MinimumVisualStudioVersion = 10.0.40219.1
Project("{FAE04EC0-301F-11D3-BF4B-00C04F79EFBC}") = "Array6", "Array6.csproj", "{A6EFC936-E0E1-4E44-B1A1-CD98C9828379}"
EndProject
Global
	GlobalSection(SolutionConfigurationPlatforms) = preSolution
		Debug|Any CPU = Debug|Any CPU
		Release|Any CPU = Release|Any CPU
	EndGlobalSection
	GlobalSection(ProjectConfigurationPlatforms) = postSolution
		{A6EFC936-E0E1-4E44-B1A1-CD98C9828379}.Debug|Any CPU.ActiveCfg = Debug|Any CPU
		{A6EFC936-E0E1-4E44-B1A1-CD98C9828379}.Debug|Any CPU.Build.0 = Debug|Any CPU
		{A6EFC936-E0E1-4E44-B1A1-CD98C9828379}.Release|Any CPU.ActiveCfg = Release|Any CPU
		{A6EFC936-E0E1-4E44-B1A1-CD98C9828379}.Release|Any CPU.Build.0 = Release|Any CPU
	EndGlobalSection
	GlobalSection(SolutionProperties) = preSolution
		HideSolutionNode = FALSE
	EndGlobalSection
	GlobalSection(ExtensibilityGlobals) = postSolution
		SolutionGuid = {E6BE972D-5A5C-4DCD-A245-2A5639F0144B}
	EndGlobalSection
EndGlobal
